
Microsoft Visual Studio Solution File, Format Version 12.00
# Visual Studio Version 16
VisualStudioVersion = 16.0.30717.126
MinimumVisualStudioVersion = 10.0.40219.1
Project("{FAE04EC0-301F-11D3-BF4B-00C04F79EFBC}") = "Calculadora", "Calculadora\Calculadora.csproj", "{561B8C47-B0D0-4A71-9B03-447FE6961FBC}"
EndProject
Project("{FAE04EC0-301F-11D3-BF4B-00C04F79EFBC}") = "BibliotecaOperacionesAritmeticas", "BibliotecaOperacionesAritmeticas\BibliotecaOperacionesAritmeticas.csproj", "{C9527FF1-8637-4A99-A3AD-5BA9FDB4DDC6}"
EndProject
Global
	GlobalSection(SolutionConfigurationPlatforms) = preSolution
		Debug|Any CPU = Debug|Any CPU
		Release|Any CPU = Release|Any CPU
	EndGlobalSection
	GlobalSection(ProjectConfigurationPlatforms) = postSolution
		{561B8C47-B0D0-4A71-9B03-447FE6961FBC}.Debug|Any CPU.ActiveCfg = Debug|Any CPU
		{561B8C47-B0D0-4A71-9B03-447FE6961FBC}.Debug|Any CPU.Build.0 = Debug|Any CPU
		{561B8C47-B0D0-4A71-9B03-447FE6961FBC}.Release|Any CPU.ActiveCfg = Release|Any CPU
		{561B8C47-B0D0-4A71-9B03-447FE6961FBC}.Release|Any CPU.Build.0 = Release|Any CPU
		{C9527FF1-8637-4A99-A3AD-5BA9FDB4DDC6}.Debug|Any CPU.ActiveCfg = Debug|Any CPU
		{C9527FF1-8637-4A99-A3AD-5BA9FDB4DDC6}.Debug|Any CPU.Build.0 = Debug|Any CPU
		{C9527FF1-8637-4A99-A3AD-5BA9FDB4DDC6}.Release|Any CPU.ActiveCfg = Release|Any CPU
		{C9527FF1-8637-4A99-A3AD-5BA9FDB4DDC6}.Release|Any CPU.Build.0 = Release|Any CPU
	EndGlobalSection
	GlobalSection(SolutionProperties) = preSolution
		HideSolutionNode = FALSE
	EndGlobalSection
	GlobalSection(ExtensibilityGlobals) = postSolution
		SolutionGuid = {1C0227D3-9BD3-428F-9ACD-F50FC89AC76B}
	EndGlobalSection
EndGlobal
